{
  "name": "hw_js_adv_ajs2",
  "version": "1.0.0",
  "lockfileVersion": 2,
  "requires": true,
  "packages": {
    "": {
      "name": "hw_js_adv_ajs2",
      "version": "1.0.0",
      "license": "ISC",
      "dependencies": {
        "@natalikud/ajs3": "^1.0.0"
      }
    },
    "node_modules/@natalikud/ajs3": {
      "version": "1.0.0",
      "resolved": "https://npm.pkg.github.com/download/@natalikud/ajs3/1.0.0/cc701f8c0503c8147f67f2bd50676d5632ec02a3",
      "integrity": "sha512-iwZiXnsuiODbmtIY6tIDO44tfLq7F8bINSty8R79+duv09kwbrgbUAkz59d4dXL5tEKVnar7uoElKqdF1pbkrw==",
      "license": "ISC"
    }
  },
  "dependencies": {
    "@natalikud/ajs3": {
      "version": "1.0.0",
      "resolved": "https://npm.pkg.github.com/download/@natalikud/ajs3/1.0.0/cc701f8c0503c8147f67f2bd50676d5632ec02a3",
      "integrity": "sha512-iwZiXnsuiODbmtIY6tIDO44tfLq7F8bINSty8R79+duv09kwbrgbUAkz59d4dXL5tEKVnar7uoElKqdF1pbkrw=="
    }
  }
}
